
Microsoft Visual Studio Solution File, Format Version 12.00
# Visual Studio Version 17
VisualStudioVersion = 17.2.32516.85
MinimumVisualStudioVersion = 10.0.40219.1
Project("{FAE04EC0-301F-11D3-BF4B-00C04F79EFBC}") = "ECC-OCR-Microservice", "ECC-OCR-Microservice.csproj", "{4D08E7C1-8CA5-4B0B-9085-5216A46655D5}"
EndProject
Global
	GlobalSection(SolutionConfigurationPlatforms) = preSolution
		Debug|Any CPU = Debug|Any CPU
		Release|Any CPU = Release|Any CPU
	EndGlobalSection
	GlobalSection(ProjectConfigurationPlatforms) = postSolution
		{4D08E7C1-8CA5-4B0B-9085-5216A46655D5}.Debug|Any CPU.ActiveCfg = Debug|Any CPU
		{4D08E7C1-8CA5-4B0B-9085-5216A46655D5}.Debug|Any CPU.Build.0 = Debug|Any CPU
		{4D08E7C1-8CA5-4B0B-9085-5216A46655D5}.Release|Any CPU.ActiveCfg = Release|Any CPU
		{4D08E7C1-8CA5-4B0B-9085-5216A46655D5}.Release|Any CPU.Build.0 = Release|Any CPU
	EndGlobalSection
	GlobalSection(SolutionProperties) = preSolution
		HideSolutionNode = FALSE
	EndGlobalSection
	GlobalSection(ExtensibilityGlobals) = postSolution
		SolutionGuid = {0664C9BD-2A99-4282-8213-396F15DCC0A6}
	EndGlobalSection
EndGlobal
